
Microsoft Visual Studio Solution File, Format Version 12.00
# Visual Studio Version 17
VisualStudioVersion = 17.10.34916.146
MinimumVisualStudioVersion = 10.0.40219.1
Project("{FAE04EC0-301F-11D3-BF4B-00C04F79EFBC}") = "gisp.gov.ru_parser", "gisp.gov.ru_parser\gisp.gov.ru_parser.csproj", "{43F7644F-5D36-4EED-8FC8-0B1F3E3453AF}"
EndProject
Global
	GlobalSection(SolutionConfigurationPlatforms) = preSolution
		Debug|Any CPU = Debug|Any CPU
		Release|Any CPU = Release|Any CPU
	EndGlobalSection
	GlobalSection(ProjectConfigurationPlatforms) = postSolution
		{43F7644F-5D36-4EED-8FC8-0B1F3E3453AF}.Debug|Any CPU.ActiveCfg = Debug|Any CPU
		{43F7644F-5D36-4EED-8FC8-0B1F3E3453AF}.Debug|Any CPU.Build.0 = Debug|Any CPU
		{43F7644F-5D36-4EED-8FC8-0B1F3E3453AF}.Release|Any CPU.ActiveCfg = Release|Any CPU
		{43F7644F-5D36-4EED-8FC8-0B1F3E3453AF}.Release|Any CPU.Build.0 = Release|Any CPU
	EndGlobalSection
	GlobalSection(SolutionProperties) = preSolution
		HideSolutionNode = FALSE
	EndGlobalSection
	GlobalSection(ExtensibilityGlobals) = postSolution
		SolutionGuid = {E3BC862A-0F54-460A-91E7-A5C6A242D72C}
	EndGlobalSection
EndGlobal
